<?xml version="1.0" encoding="utf-8"?>
<Project ToolsVersion="4.0" xmlns="http://schemas.microsoft.com/developer/msbuild/2003">
  <ItemGroup>
    <Filter Include="Source Files">
      <UniqueIdentifier>{4FC737F1-C7A5-4376-A066-2A32D752A2FF}</UniqueIdentifier>
      <Extensions>cpp;c;cc;cxx;def;odl;idl;hpj;bat;asm;asmx</Extensions>
    </Filter>
    <Filter Include="Header Files">
      <UniqueIdentifier>{93995380-89BD-4b04-88EB-625FBE52EBFB}</UniqueIdentifier>
      <Extensions>h;hh;hpp;hxx;hm;inl;inc;xsd</Extensions>
    </Filter>
    <Filter Include="Resource Files">
      <UniqueIdentifier>{67DA6AB6-F800-4c08-8B7A-83BB121AAD01}</UniqueIdentifier>
      <Extensions>rc;ico;cur;bmp;dlg;rc2;rct;bin;rgs;gif;jpg;jpeg;jpe;resx;tiff;tif;png;wav;mfcribbon-ms</Extensions>
    </Filter>
    <Filter Include="Shaders">
      <UniqueIdentifier>{e3bd1167-e7b3-4689-946f-13b9c514ec82}</UniqueIdentifier>
    </Filter>
    <Filter Include="common">
      <UniqueIdentifier>{0cd0ba80-6650-40ea-8218-d44386e3c0ca}</UniqueIdentifier>
    </Filter>
    <Filter Include="common\Vulkan">
      <UniqueIdentifier>{4a726354-f65c-46bb-862f-32e132ef381e}</UniqueIdentifier>
    </Filter>
    <Filter Include="Shaders\gi">
      <UniqueIdentifier>{a4ec23ad-f736-4c0e-92ea-2fc2c0724f70}</UniqueIdentifier>
    </Filter>
  </ItemGroup>
  <ItemGroup>
    <ClCompile Include="Main.cpp">
      <Filter>Source Files</Filter>
    </ClCompile>
    <ClCompile Include="..\..\common\Application.cpp">
      <Filter>common</Filter>
    </ClCompile>
    <ClCompile Include="..\..\imgui\imgui.cpp">
      <Filter>Source Files</Filter>
    </ClCompile>
    <ClCompile Include="..\..\imgui\imgui_draw.cpp">
      <Filter>Source Files</Filter>
    </ClCompile>
    <ClCompile Include="..\..\common\VK_Helper.cpp">
      <Filter>common\Vulkan</Filter>
    </ClCompile>
  </ItemGroup>
  <ItemGroup>
    <ClInclude Include="..\..\common\SystemTools.h">
      <Filter>common</Filter>
    </ClInclude>
    <ClInclude Include="..\..\common\Application.h">
      <Filter>common</Filter>
    </ClInclude>
    <ClInclude Include="ImGuiImpl.h">
      <Filter>Header Files</Filter>
    </ClInclude>
    <ClInclude Include="Renderer.h">
      <Filter>Header Files</Filter>
    </ClInclude>
    <ClInclude Include="..\..\common\VK_Helper.h">
      <Filter>common\Vulkan</Filter>
    </ClInclude>
    <ClInclude Include="..\..\AsyncComputeTest_GPU.h">
      <Filter>Header Files</Filter>
    </ClInclude>
    <ClInclude Include="..\..\AsyncComputeTest_VK.h">
      <Filter>Header Files</Filter>
    </ClInclude>
  </ItemGroup>
  <ItemGroup>
    <None Include="..\shaders\vis.frag">
      <Filter>Shaders</Filter>
    </None>
    <None Include="..\shaders\tex.frag">
      <Filter>Shaders</Filter>
    </None>
    <None Include="..\shaders\vis.vert">
      <Filter>Shaders</Filter>
    </None>
    <None Include="..\shaders\imgui.frag">
      <Filter>Shaders</Filter>
    </None>
    <None Include="..\shaders\imgui.vert">
      <Filter>Shaders</Filter>
    </None>
    <None Include="..\shaders\texSB.vert">
      <Filter>Shaders</Filter>
    </None>
    <None Include="..\shaders\texUB.vert">
      <Filter>Shaders</Filter>
    </None>
    <None Include="..\shaders\compile.bat">
      <Filter>Shaders</Filter>
    </None>
    <None Include="..\shaders\gi\test0.comp.glsl">
      <Filter>Shaders\gi</Filter>
    </None>
  </ItemGroup>
  <ItemGroup>
    <Text Include="..\..\read me.txt" />
    <Text Include="stdout.txt" />
  </ItemGroup>
</Project>